
Microsoft Visual Studio Solution File, Format Version 12.00
# Visual Studio 2013
VisualStudioVersion = 12.0.21005.1
MinimumVisualStudioVersion = 10.0.40219.1
Project("{FAE04EC0-301F-11D3-BF4B-00C04F79EFBC}") = "GameStore.DAL", "GameStore.DAL\GameStore.DAL.csproj", "{4328C0C3-32FB-405A-8C3C-71E9578AD1E2}"
EndProject
Project("{FAE04EC0-301F-11D3-BF4B-00C04F79EFBC}") = "GameStore.Domain", "GameStore.Domain\GameStore.Domain.csproj", "{149E917C-A58B-4EA2-B181-AAA8E52763F9}"
EndProject
Project("{FAE04EC0-301F-11D3-BF4B-00C04F79EFBC}") = "GameStore.BLL", "GameStore.BLL\GameStore.BLL.csproj", "{01D131BC-82DE-42FD-B92A-BA2F6D6B303F}"
EndProject
Project("{FAE04EC0-301F-11D3-BF4B-00C04F79EFBC}") = "GameStore.Tests", "GameStore.Tests\GameStore.Tests.csproj", "{B5110F7B-E65F-47C7-8BAE-33C82297B252}"
EndProject
Project("{FAE04EC0-301F-11D3-BF4B-00C04F79EFBC}") = "GameStore.Logging", "GameStore.Logging\GameStore.Logging.csproj", "{369B3F65-93A4-4C84-A71D-E4128CA325FB}"
EndProject
Project("{2150E333-8FDC-42A3-9474-1A3956D46DE8}") = ".nuget", ".nuget", "{BDB5FE95-4DDC-48E0-A98D-A44164DE1259}"
	ProjectSection(SolutionItems) = preProject
		.nuget\NuGet.Config = .nuget\NuGet.Config
		.nuget\NuGet.exe = .nuget\NuGet.exe
	EndProjectSection
EndProject
Project("{FAE04EC0-301F-11D3-BF4B-00C04F79EFBC}") = "GameStore.WebUI", "GameStore.WebUI\GameStore.WebUI.csproj", "{A2491B12-E79A-4CE4-8C1E-CC57ACFF45D6}"
EndProject
Global
	GlobalSection(SolutionConfigurationPlatforms) = preSolution
		Debug|Any CPU = Debug|Any CPU
		Release|Any CPU = Release|Any CPU
	EndGlobalSection
	GlobalSection(ProjectConfigurationPlatforms) = postSolution
		{4328C0C3-32FB-405A-8C3C-71E9578AD1E2}.Debug|Any CPU.ActiveCfg = Debug|Any CPU
		{4328C0C3-32FB-405A-8C3C-71E9578AD1E2}.Debug|Any CPU.Build.0 = Debug|Any CPU
		{4328C0C3-32FB-405A-8C3C-71E9578AD1E2}.Release|Any CPU.ActiveCfg = Release|Any CPU
		{4328C0C3-32FB-405A-8C3C-71E9578AD1E2}.Release|Any CPU.Build.0 = Release|Any CPU
		{149E917C-A58B-4EA2-B181-AAA8E52763F9}.Debug|Any CPU.ActiveCfg = Debug|Any CPU
		{149E917C-A58B-4EA2-B181-AAA8E52763F9}.Debug|Any CPU.Build.0 = Debug|Any CPU
		{149E917C-A58B-4EA2-B181-AAA8E52763F9}.Release|Any CPU.ActiveCfg = Release|Any CPU
		{149E917C-A58B-4EA2-B181-AAA8E52763F9}.Release|Any CPU.Build.0 = Release|Any CPU
		{01D131BC-82DE-42FD-B92A-BA2F6D6B303F}.Debug|Any CPU.ActiveCfg = Debug|Any CPU
		{01D131BC-82DE-42FD-B92A-BA2F6D6B303F}.Debug|Any CPU.Build.0 = Debug|Any CPU
		{01D131BC-82DE-42FD-B92A-BA2F6D6B303F}.Release|Any CPU.ActiveCfg = Release|Any CPU
		{01D131BC-82DE-42FD-B92A-BA2F6D6B303F}.Release|Any CPU.Build.0 = Release|Any CPU
		{B5110F7B-E65F-47C7-8BAE-33C82297B252}.Debug|Any CPU.ActiveCfg = Debug|Any CPU
		{B5110F7B-E65F-47C7-8BAE-33C82297B252}.Debug|Any CPU.Build.0 = Debug|Any CPU
		{B5110F7B-E65F-47C7-8BAE-33C82297B252}.Release|Any CPU.ActiveCfg = Release|Any CPU
		{B5110F7B-E65F-47C7-8BAE-33C82297B252}.Release|Any CPU.Build.0 = Release|Any CPU
		{369B3F65-93A4-4C84-A71D-E4128CA325FB}.Debug|Any CPU.ActiveCfg = Debug|Any CPU
		{369B3F65-93A4-4C84-A71D-E4128CA325FB}.Debug|Any CPU.Build.0 = Debug|Any CPU
		{369B3F65-93A4-4C84-A71D-E4128CA325FB}.Release|Any CPU.ActiveCfg = Release|Any CPU
		{369B3F65-93A4-4C84-A71D-E4128CA325FB}.Release|Any CPU.Build.0 = Release|Any CPU
		{A2491B12-E79A-4CE4-8C1E-CC57ACFF45D6}.Debug|Any CPU.ActiveCfg = Debug|Any CPU
		{A2491B12-E79A-4CE4-8C1E-CC57ACFF45D6}.Debug|Any CPU.Build.0 = Debug|Any CPU
		{A2491B12-E79A-4CE4-8C1E-CC57ACFF45D6}.Release|Any CPU.ActiveCfg = Release|Any CPU
		{A2491B12-E79A-4CE4-8C1E-CC57ACFF45D6}.Release|Any CPU.Build.0 = Release|Any CPU
	EndGlobalSection
	GlobalSection(SolutionProperties) = preSolution
		HideSolutionNode = FALSE
	EndGlobalSection
	GlobalSection(ExtensibilityGlobals) = postSolution
		RESX_PrefixTranslations = False
	EndGlobalSection
EndGlobal
